PODS:
  - AFNetworking (1.2.1)
  - AFRaptureXMLRequestOperation (1.0.2):
    - AFNetworking (~> 1.2.1)
    - RaptureXML (~> 1.0.1)
  - GoogleAnalytics-iOS-SDK (3.0.9)
  - KGModal (0.0.1)
  - MagicalRecord (2.2):
    - MagicalRecord/Core
  - MagicalRecord/Core (2.2)
  - MHNatGeoViewControllerTransition (1.0)
  - RaptureXML (1.0.1)
  - Reachability (3.1.1)
  - RegexKitLite (4.0)
  - SDWebImage (3.7.1):
    - SDWebImage/Core
  - SDWebImage/Core (3.7.1)
  - SevenSwitch (1.3.0)
  - SSKeychain (1.2.1)
  - SVProgressHUD (1.0)
  - TPKeyboardAvoiding (1.2.3)
  - TTTAttributedLabel (1.10.1)
  - UALogger (0.2.3)
  - UIActivityIndicator-for-SDWebImage (1.0.3):
    - SDWebImage (~> 3.2)
  - UIAlertView+Blocks (0.8.1)

DEPENDENCIES:
  - AFNetworking (= 1.2.1)
  - AFRaptureXMLRequestOperation (= 1.0.2)
  - GoogleAnalytics-iOS-SDK (~> 3.0.9)
  - KGModal (~> 0.0.1)
  - MagicalRecord (~> 2.2)
  - MHNatGeoViewControllerTransition (~> 1.0)
  - Reachability (~> 3.1.1)
  - RegexKitLite (~> 4.0)
  - SevenSwitch (~> 1.3.0)
  - SSKeychain (~> 1.2.1)
  - SVProgressHUD (~> 1.0)
  - TPKeyboardAvoiding (~> 1.1)
  - TTTAttributedLabel
  - UALogger (~> 0.2.3)
  - UIActivityIndicator-for-SDWebImage (~> 1.0.3)
  - UIAlertView+Blocks (~> 0.7)

SPEC CHECKSUMS:
  AFNetworking: 7e82cfea05017c338ae62897f0a09ba1a8ebb479
  AFRaptureXMLRequestOperation: 694d1b276ca87b6ad82e01cf4cd8f54048bc0782
  GoogleAnalytics-iOS-SDK: d9e198b1f955259a72886769be7377cdfcdb2250
  KGModal: 569ba745416a67644906134c8c722e664c60b8f9
  MagicalRecord: 2b471584fc9e3137f3d0a56967917baa4979e224
  MHNatGeoViewControllerTransition: ca47f7de47396a839b2162dfdc84b78f04604da8
  RaptureXML: b9b0aca9c68c684c189af73dd5e8f8fdeec74600
  Reachability: 8e9635e3cb4f98e7f825e51147f677ecc694d0e7
  RegexKitLite: c0e4c12e6e7de0769f3a3ed679f0f61604170661
  SDWebImage: 116e88633b5b416ea0ca4b334a4ac59cf72dd38d
  SevenSwitch: 70af67d75bc2e477d45a984cf1f3123564b04eee
  SSKeychain: 63182d96667ab9ccd72cb6f19ccb06faec605710
  SVProgressHUD: 5034c6e22b8c2ca3e09402e48d41ed0340aa1c50
  TPKeyboardAvoiding: ca26afa683d829cb96fe69b887fc8be4178f0b9a
  TTTAttributedLabel: 94bb04f1e005616002dd2cee0262a0082e533627
  UALogger: dde45daee52fd16f02e9f596a04b3f3e5794e0c2
  UIActivityIndicator-for-SDWebImage: fad0a3471de0e5f97771e516f537453eee506103
  UIAlertView+Blocks: 0b749f1f7bd5131ff2233b30a406c1585a7171b2

COCOAPODS: 0.34.2
