<?xml version="1.0" encoding="UTF-8"?>
<Scheme
   LastUpgradeVersion = "0640"
   version = "1.3">
   <BuildAction
      parallelizeBuildables = "YES"
      buildImplicitDependencies = "YES">
      <BuildActionEntries>
         <BuildActionEntry
            buildForTesting = "YES"
            buildForRunning = "YES"
            buildForProfiling = "YES"
            buildForArchiving = "YES"
            buildForAnalyzing = "YES">
            <BuildableReference
               BuildableIdentifier = "primary"
               BlueprintIdentifier = "87BDF6931B13032400EFADDD"
               BuildableName = "SingPost WatchKit App.app"
               BlueprintName = "SingPost WatchKit App"
               ReferencedContainer = "container:SingPost.xcodeproj">
            </BuildableReference>
         </BuildActionEntry>
         <BuildActionEntry
            buildForTesting = "YES"
            buildForRunning = "YES"
            buildForProfiling = "YES"
            buildForArchiving = "YES"
            buildForAnalyzing = "YES">
            <BuildableReference
               BuildableIdentifier = "primary"
               BlueprintIdentifier = "24AD38A21A399D180088F6A6"
               BuildableName = "SingPost.app"
               BlueprintName = "SingPost"
               ReferencedContainer = "container:SingPost.xcodeproj">
            </BuildableReference>
         </BuildActionEntry>
         <BuildActionEntry
            buildForTesting = "YES"
            buildForRunning = "YES"
            buildForProfiling = "YES"
            buildForArchiving = "YES"
            buildForAnalyzing = "YES">
            <BuildableReference
               BuildableIdentifier = "primary"
               BlueprintIdentifier = "87BDF6811B13032400EFADDD"
               BuildableName = "SingPost WatchKit Extension.appex"
               BlueprintName = "SingPost WatchKit Extension"
               ReferencedContainer = "container:SingPost.xcodeproj">
            </BuildableReference>
         </BuildActionEntry>
      </BuildActionEntries>
   </BuildAction>
   <TestAction
      selectedDebuggerIdentifier = "Xcode.DebuggerFoundation.Debugger.LLDB"
      selectedLauncherIdentifier = "Xcode.DebuggerFoundation.Launcher.LLDB"
      shouldUseLaunchSchemeArgsEnv = "YES"
      buildConfiguration = "Debug">
      <Testables>
      </Testables>
      <MacroExpansion>
         <BuildableReference
            BuildableIdentifier = "primary"
            BlueprintIdentifier = "87BDF6931B13032400EFADDD"
            BuildableName = "SingPost WatchKit App.app"
            BlueprintName = "SingPost WatchKit App"
            ReferencedContainer = "container:SingPost.xcodeproj">
         </BuildableReference>
      </MacroExpansion>
   </TestAction>
   <LaunchAction
      selectedDebuggerIdentifier = "Xcode.DebuggerFoundation.Debugger.LLDB"
      selectedLauncherIdentifier = "Xcode.DebuggerFoundation.Launcher.LLDB"
      launchStyle = "0"
      useCustomWorkingDirectory = "NO"
      buildConfiguration = "Debug"
      ignoresPersistentStateOnLaunch = "NO"
      debugDocumentVersioning = "YES"
      allowLocationSimulation = "YES">
      <RemoteRunnable
         runnableDebuggingMode = "2"
         BundleIdentifier = "com.apple.springboard"
         RemotePath = "/SingPost">
         <BuildableReference
            BuildableIdentifier = "primary"
            BlueprintIdentifier = "87BDF6931B13032400EFADDD"
            BuildableName = "SingPost WatchKit App.app"
            BlueprintName = "SingPost WatchKit App"
            ReferencedContainer = "container:SingPost.xcodeproj">
         </BuildableReference>
      </RemoteRunnable>
      <MacroExpansion>
         <BuildableReference
            BuildableIdentifier = "primary"
            BlueprintIdentifier = "87BDF6931B13032400EFADDD"
            BuildableName = "SingPost WatchKit App.app"
            BlueprintName = "SingPost WatchKit App"
            ReferencedContainer = "container:SingPost.xcodeproj">
         </BuildableReference>
      </MacroExpansion>
      <AdditionalOptions>
      </AdditionalOptions>
   </LaunchAction>
   <ProfileAction
      shouldUseLaunchSchemeArgsEnv = "YES"
      savedToolIdentifier = ""
      useCustomWorkingDirectory = "NO"
      buildConfiguration = "Release"
      debugDocumentVersioning = "YES">
      <RemoteRunnable
         runnableDebuggingMode = "2"
         BundleIdentifier = "com.apple.springboard"
         RemotePath = "/SingPost">
         <BuildableReference
            BuildableIdentifier = "primary"
            BlueprintIdentifier = "87BDF6931B13032400EFADDD"
            BuildableName = "SingPost WatchKit App.app"
            BlueprintName = "SingPost WatchKit App"
            ReferencedContainer = "container:SingPost.xcodeproj">
         </BuildableReference>
      </RemoteRunnable>
      <MacroExpansion>
         <BuildableReference
            BuildableIdentifier = "primary"
            BlueprintIdentifier = "87BDF6931B13032400EFADDD"
            BuildableName = "SingPost WatchKit App.app"
            BlueprintName = "SingPost WatchKit App"
            ReferencedContainer = "container:SingPost.xcodeproj">
         </BuildableReference>
      </MacroExpansion>
   </ProfileAction>
   <AnalyzeAction
      buildConfiguration = "Debug">
   </AnalyzeAction>
   <ArchiveAction
      buildConfiguration = "Release"
      revealArchiveInOrganizer = "YES">
   </ArchiveAction>
</Scheme>
